
Microsoft Visual Studio Solution File, Format Version 12.00
# Visual Studio Version 17
VisualStudioVersion = 17.0.32112.339
MinimumVisualStudioVersion = 10.0.40219.1
Project("{FAE04EC0-301F-11D3-BF4B-00C04F79EFBC}") = "TestApp", "TestApp\TestApp.csproj", "{A31CF81E-F67B-4394-AA2F-FED388368456}"
EndProject
Project("{FAE04EC0-301F-11D3-BF4B-00C04F79EFBC}") = "SuggestionsSystem", "SuggestionsSystem\SuggestionsSystem.csproj", "{4AEFC562-2036-45FB-90D9-BF53BFEEE522}"
EndProject
Project("{FAE04EC0-301F-11D3-BF4B-00C04F79EFBC}") = "WinFormsTestApp", "WinFormsTestApp\WinFormsTestApp.csproj", "{897A3CE2-180C-4408-A4CE-04A0B9895637}"
EndProject
Global
	GlobalSection(SolutionConfigurationPlatforms) = preSolution
		Debug|Any CPU = Debug|Any CPU
		Release|Any CPU = Release|Any CPU
	EndGlobalSection
	GlobalSection(ProjectConfigurationPlatforms) = postSolution
		{A31CF81E-F67B-4394-AA2F-FED388368456}.Debug|Any CPU.ActiveCfg = Debug|Any CPU
		{A31CF81E-F67B-4394-AA2F-FED388368456}.Debug|Any CPU.Build.0 = Debug|Any CPU
		{A31CF81E-F67B-4394-AA2F-FED388368456}.Release|Any CPU.ActiveCfg = Release|Any CPU
		{A31CF81E-F67B-4394-AA2F-FED388368456}.Release|Any CPU.Build.0 = Release|Any CPU
		{4AEFC562-2036-45FB-90D9-BF53BFEEE522}.Debug|Any CPU.ActiveCfg = Debug|Any CPU
		{4AEFC562-2036-45FB-90D9-BF53BFEEE522}.Debug|Any CPU.Build.0 = Debug|Any CPU
		{4AEFC562-2036-45FB-90D9-BF53BFEEE522}.Release|Any CPU.ActiveCfg = Release|Any CPU
		{4AEFC562-2036-45FB-90D9-BF53BFEEE522}.Release|Any CPU.Build.0 = Release|Any CPU
		{897A3CE2-180C-4408-A4CE-04A0B9895637}.Debug|Any CPU.ActiveCfg = Debug|Any CPU
		{897A3CE2-180C-4408-A4CE-04A0B9895637}.Debug|Any CPU.Build.0 = Debug|Any CPU
		{897A3CE2-180C-4408-A4CE-04A0B9895637}.Release|Any CPU.ActiveCfg = Release|Any CPU
		{897A3CE2-180C-4408-A4CE-04A0B9895637}.Release|Any CPU.Build.0 = Release|Any CPU
	EndGlobalSection
	GlobalSection(SolutionProperties) = preSolution
		HideSolutionNode = FALSE
	EndGlobalSection
	GlobalSection(ExtensibilityGlobals) = postSolution
		SolutionGuid = {6DAA75C7-8598-4080-97FA-F5AFB15296A8}
	EndGlobalSection
EndGlobal
